
Microsoft Visual Studio Solution File, Format Version 12.00
Project("{FAE04EC0-301F-11D3-BF4B-00C04F79EFBC}") = "LadybugScreensaver", "LadybugScreensaver\LadybugScreensaver.csproj", "{1B891FD3-6BA4-47A2-AB60-39D9C1BEC5AF}"
EndProject
Global
	GlobalSection(SolutionConfigurationPlatforms) = preSolution
		Debug|Any CPU = Debug|Any CPU
		Release|Any CPU = Release|Any CPU
	EndGlobalSection
	GlobalSection(ProjectConfigurationPlatforms) = postSolution
		{1B891FD3-6BA4-47A2-AB60-39D9C1BEC5AF}.Debug|Any CPU.ActiveCfg = Debug|Any CPU
		{1B891FD3-6BA4-47A2-AB60-39D9C1BEC5AF}.Debug|Any CPU.Build.0 = Debug|Any CPU
		{1B891FD3-6BA4-47A2-AB60-39D9C1BEC5AF}.Release|Any CPU.ActiveCfg = Release|Any CPU
		{1B891FD3-6BA4-47A2-AB60-39D9C1BEC5AF}.Release|Any CPU.Build.0 = Release|Any CPU
	EndGlobalSection
EndGlobal
